{
  "originHash" : "2df6280486a953f9a24c0168cd748e29d7eb8ce422bcacebb5e9e2b4367d9654",
  "pins" : [
    {
      "identity" : "grdb.swift",
      "kind" : "remoteSourceControl",
      "location" : "https://github.com/groue/GRDB.swift.git",
      "state" : {
        "branch" : "master",
        "revision" : "0aaa2a4f3774c3e0541adfa07465e4220f72d1c2"
      }
    }
  ],
  "version" : 3
}
