// !$*UTF8*$!
{
	archiveVersion = 1;
	classes = {
	};
	objectVersion = 77;
	objects = {

/* Begin PBXBuildFile section */
		E23245322DC94C34008A1554 /* icons.txt in Resources */ = {isa = PBXBuildFile; fileRef = E23245312DC94C34008A1554 /* icons.txt */; };
		E27491272DC3CBB500E398AC /* exercises.json in Resources */ = {isa = PBXBuildFile; fileRef = E27491262DC3CBB500E398AC /* exercises.json */; };
		E294F3A02DC2CA3B0081480B /* LICENSE in Resources */ = {isa = PBXBuildFile; fileRef = E294F39F2DC2CA3B0081480B /* LICENSE */; };
		E2A221682DC75EF700F59021 /* GRDB in Frameworks */ = {isa = PBXBuildFile; productRef = E2A221672DC75EF700F59021 /* GRDB */; };
/* End PBXBuildFile section */

/* Begin PBXContainerItemProxy section */
		E2B16C822DBE8DEC00722A4C /* PBXContainerItemProxy */ = {
			isa = PBXContainerItemProxy;
			containerPortal = E2B16C6C2DBE8DEA00722A4C /* Project object */;
			proxyType = 1;
			remoteGlobalIDString = E2B16C732DBE8DEA00722A4C;
			remoteInfo = PlainFit;
		};
		E2B16C8C2DBE8DEC00722A4C /* PBXContainerItemProxy */ = {
			isa = PBXContainerItemProxy;
			containerPortal = E2B16C6C2DBE8DEA00722A4C /* Project object */;
			proxyType = 1;
			remoteGlobalIDString = E2B16C732DBE8DEA00722A4C;
			remoteInfo = PlainFit;
		};
/* End PBXContainerItemProxy section */

/* Begin PBXFileReference section */
		E23245312DC94C34008A1554 /* icons.txt */ = {isa = PBXFileReference; lastKnownFileType = text; path = icons.txt; sourceTree = "<group>"; };
		E27491262DC3CBB500E398AC /* exercises.json */ = {isa = PBXFileReference; lastKnownFileType = text.json; path = exercises.json; sourceTree = "<group>"; };
		E294F39F2DC2CA3B0081480B /* LICENSE */ = {isa = PBXFileReference; lastKnownFileType = text; path = LICENSE; sourceTree = "<group>"; };
		E2B16C742DBE8DEA00722A4C /* PlainFit.app */ = {isa = PBXFileReference; explicitFileType = wrapper.application; includeInIndex = 0; path = PlainFit.app; sourceTree = BUILT_PRODUCTS_DIR; };
		E2B16C812DBE8DEC00722A4C /* PlainFitTests.xctest */ = {isa = PBXFileReference; explicitFileType = wrapper.cfbundle; includeInIndex = 0; path = PlainFitTests.xctest; sourceTree = BUILT_PRODUCTS_DIR; };
		E2B16C8B2DBE8DEC00722A4C /* PlainFitUITests.xctest */ = {isa = PBXFileReference; explicitFileType = wrapper.cfbundle; includeInIndex = 0; path = PlainFitUITests.xctest; sourceTree = BUILT_PRODUCTS_DIR; };
/* End PBXFileReference section */

/* Begin PBXFileSystemSynchronizedRootGroup section */
		E2B16C762DBE8DEA00722A4C /* PlainFit */ = {
			isa = PBXFileSystemSynchronizedRootGroup;
			path = PlainFit;
			sourceTree = "<group>";
		};
		E2B16C842DBE8DEC00722A4C /* PlainFitTests */ = {
			isa = PBXFileSystemSynchronizedRootGroup;
			path = PlainFitTests;
			sourceTree = "<group>";
		};
		E2B16C8E2DBE8DEC00722A4C /* PlainFitUITests */ = {
			isa = PBXFileSystemSynchronizedRootGroup;
			path = PlainFitUITests;
			sourceTree = "<group>";
		};
/* End PBXFileSystemSynchronizedRootGroup section */

/* Begin PBXFrameworksBuildPhase section */
		E2B16C712DBE8DEA00722A4C /* Frameworks */ = {
			isa = PBXFrameworksBuildPhase;
			buildActionMask = 2147483647;
			files = (
				E2A221682DC75EF700F59021 /* GRDB in Frameworks */,
			);
			runOnlyForDeploymentPostprocessing = 0;
		};
		E2B16C7E2DBE8DEC00722A4C /* Frameworks */ = {
			isa = PBXFrameworksBuildPhase;
			buildActionMask = 2147483647;
			files = (
			);
			runOnlyForDeploymentPostprocessing = 0;
		};
		E2B16C882DBE8DEC00722A4C /* Frameworks */ = {
			isa = PBXFrameworksBuildPhase;
			buildActionMask = 2147483647;
			files = (
			);
			runOnlyForDeploymentPostprocessing = 0;
		};
/* End PBXFrameworksBuildPhase section */

/* Begin PBXGroup section */
		E2B16C6B2DBE8DEA00722A4C = {
			isa = PBXGroup;
			children = (
				E23245312DC94C34008A1554 /* icons.txt */,
				E27491262DC3CBB500E398AC /* exercises.json */,
				E294F39F2DC2CA3B0081480B /* LICENSE */,
				E2B16C762DBE8DEA00722A4C /* PlainFit */,
				E2B16C842DBE8DEC00722A4C /* PlainFitTests */,
				E2B16C8E2DBE8DEC00722A4C /* PlainFitUITests */,
				E2B16C752DBE8DEA00722A4C /* Products */,
			);
			sourceTree = "<group>";
		};
		E2B16C752DBE8DEA00722A4C /* Products */ = {
			isa = PBXGroup;
			children = (
				E2B16C742DBE8DEA00722A4C /* PlainFit.app */,
				E2B16C812DBE8DEC00722A4C /* PlainFitTests.xctest */,
				E2B16C8B2DBE8DEC00722A4C /* PlainFitUITests.xctest */,
			);
			name = Products;
			sourceTree = "<group>";
		};
/* End PBXGroup section */

/* Begin PBXNativeTarget section */
		E2B16C732DBE8DEA00722A4C /* PlainFit */ = {
			isa = PBXNativeTarget;
			buildConfigurationList = E2B16C952DBE8DEC00722A4C /* Build configuration list for PBXNativeTarget "PlainFit" */;
			buildPhases = (
				E2B16C702DBE8DEA00722A4C /* Sources */,
				E2B16C712DBE8DEA00722A4C /* Frameworks */,
				E2B16C722DBE8DEA00722A4C /* Resources */,
			);
			buildRules = (
			);
			dependencies = (
			);
			fileSystemSynchronizedGroups = (
				E2B16C762DBE8DEA00722A4C /* PlainFit */,
			);
			name = PlainFit;
			packageProductDependencies = (
				E2A221672DC75EF700F59021 /* GRDB */,
			);
			productName = PlainFit;
			productReference = E2B16C742DBE8DEA00722A4C /* PlainFit.app */;
			productType = "com.apple.product-type.application";
		};
		E2B16C802DBE8DEC00722A4C /* PlainFitTests */ = {
			isa = PBXNativeTarget;
			buildConfigurationList = E2B16C982DBE8DEC00722A4C /* Build configuration list for PBXNativeTarget "PlainFitTests" */;
			buildPhases = (
				E2B16C7D2DBE8DEC00722A4C /* Sources */,
				E2B16C7E2DBE8DEC00722A4C /* Frameworks */,
				E2B16C7F2DBE8DEC00722A4C /* Resources */,
			);
			buildRules = (
			);
			dependencies = (
				E2B16C832DBE8DEC00722A4C /* PBXTargetDependency */,
			);
			fileSystemSynchronizedGroups = (
				E2B16C842DBE8DEC00722A4C /* PlainFitTests */,
			);
			name = PlainFitTests;
			packageProductDependencies = (
			);
			productName = PlainFitTests;
			productReference = E2B16C812DBE8DEC00722A4C /* PlainFitTests.xctest */;
			productType = "com.apple.product-type.bundle.unit-test";
		};
		E2B16C8A2DBE8DEC00722A4C /* PlainFitUITests */ = {
			isa = PBXNativeTarget;
			buildConfigurationList = E2B16C9B2DBE8DEC00722A4C /* Build configuration list for PBXNativeTarget "PlainFitUITests" */;
			buildPhases = (
				E2B16C872DBE8DEC00722A4C /* Sources */,
				E2B16C882DBE8DEC00722A4C /* Frameworks */,
				E2B16C892DBE8DEC00722A4C /* Resources */,
			);
			buildRules = (
			);
			dependencies = (
				E2B16C8D2DBE8DEC00722A4C /* PBXTargetDependency */,
			);
			fileSystemSynchronizedGroups = (
				E2B16C8E2DBE8DEC00722A4C /* PlainFitUITests */,
			);
			name = PlainFitUITests;
			packageProductDependencies = (
			);
			productName = PlainFitUITests;
			productReference = E2B16C8B2DBE8DEC00722A4C /* PlainFitUITests.xctest */;
			productType = "com.apple.product-type.bundle.ui-testing";
		};
/* End PBXNativeTarget section */

/* Begin PBXProject section */
		E2B16C6C2DBE8DEA00722A4C /* Project object */ = {
			isa = PBXProject;
			attributes = {
				BuildIndependentTargetsInParallel = 1;
				LastSwiftUpdateCheck = 1630;
				LastUpgradeCheck = 1630;
				TargetAttributes = {
					E2B16C732DBE8DEA00722A4C = {
						CreatedOnToolsVersion = 16.3;
					};
					E2B16C802DBE8DEC00722A4C = {
						CreatedOnToolsVersion = 16.3;
						TestTargetID = E2B16C732DBE8DEA00722A4C;
					};
					E2B16C8A2DBE8DEC00722A4C = {
						CreatedOnToolsVersion = 16.3;
						TestTargetID = E2B16C732DBE8DEA00722A4C;
					};
				};
			};
			buildConfigurationList = E2B16C6F2DBE8DEA00722A4C /* Build configuration list for PBXProject "PlainFit" */;
			developmentRegion = en;
			hasScannedForEncodings = 0;
			knownRegions = (
				en,
				Base,
			);
			mainGroup = E2B16C6B2DBE8DEA00722A4C;
			minimizedProjectReferenceProxies = 1;
			packageReferences = (
				E2A221662DC75EF700F59021 /* XCRemoteSwiftPackageReference "GRDB.swift" */,
			);
			preferredProjectObjectVersion = 77;
			productRefGroup = E2B16C752DBE8DEA00722A4C /* Products */;
			projectDirPath = "";
			projectRoot = "";
			targets = (
				E2B16C732DBE8DEA00722A4C /* PlainFit */,
				E2B16C802DBE8DEC00722A4C /* PlainFitTests */,
				E2B16C8A2DBE8DEC00722A4C /* PlainFitUITests */,
			);
		};
/* End PBXProject section */

/* Begin PBXResourcesBuildPhase section */
		E2B16C722DBE8DEA00722A4C /* Resources */ = {
			isa = PBXResourcesBuildPhase;
			buildActionMask = 2147483647;
			files = (
				E23245322DC94C34008A1554 /* icons.txt in Resources */,
				E27491272DC3CBB500E398AC /* exercises.json in Resources */,
				E294F3A02DC2CA3B0081480B /* LICENSE in Resources */,
			);
			runOnlyForDeploymentPostprocessing = 0;
		};
		E2B16C7F2DBE8DEC00722A4C /* Resources */ = {
			isa = PBXResourcesBuildPhase;
			buildActionMask = 2147483647;
			files = (
			);
			runOnlyForDeploymentPostprocessing = 0;
		};
		E2B16C892DBE8DEC00722A4C /* Resources */ = {
			isa = PBXResourcesBuildPhase;
			buildActionMask = 2147483647;
			files = (
			);
			runOnlyForDeploymentPostprocessing = 0;
		};
/* End PBXResourcesBuildPhase section */

/* Begin PBXSourcesBuildPhase section */
		E2B16C702DBE8DEA00722A4C /* Sources */ = {
			isa = PBXSourcesBuildPhase;
			buildActionMask = 2147483647;
			files = (
			);
			runOnlyForDeploymentPostprocessing = 0;
		};
		E2B16C7D2DBE8DEC00722A4C /* Sources */ = {
			isa = PBXSourcesBuildPhase;
			buildActionMask = 2147483647;
			files = (
			);
			runOnlyForDeploymentPostprocessing = 0;
		};
		E2B16C872DBE8DEC00722A4C /* Sources */ = {
			isa = PBXSourcesBuildPhase;
			buildActionMask = 2147483647;
			files = (
			);
			runOnlyForDeploymentPostprocessing = 0;
		};
/* End PBXSourcesBuildPhase section */

/* Begin PBXTargetDependency section */
		E2B16C832DBE8DEC00722A4C /* PBXTargetDependency */ = {
			isa = PBXTargetDependency;
			target = E2B16C732DBE8DEA00722A4C /* PlainFit */;
			targetProxy = E2B16C822DBE8DEC00722A4C /* PBXContainerItemProxy */;
		};
		E2B16C8D2DBE8DEC00722A4C /* PBXTargetDependency */ = {
			isa = PBXTargetDependency;
			target = E2B16C732DBE8DEA00722A4C /* PlainFit */;
			targetProxy = E2B16C8C2DBE8DEC00722A4C /* PBXContainerItemProxy */;
		};
/* End PBXTargetDependency section */

/* Begin XCBuildConfiguration section */
		E2B16C932DBE8DEC00722A4C /* Debug */ = {
			isa = XCBuildConfiguration;
			buildSettings = {
				ALWAYS_SEARCH_USER_PATHS = NO;
				ASSETCATALOG_COMPILER_GENERATE_SWIFT_ASSET_SYMBOL_EXTENSIONS = YES;
				CLANG_ANALYZER_NONNULL = YES;
				CLANG_ANALYZER_NUMBER_OBJECT_CONVERSION = YES_AGGRESSIVE;
				CLANG_CXX_LANGUAGE_STANDARD = "gnu++20";
				CLANG_ENABLE_MODULES = YES;
				CLANG_ENABLE_OBJC_ARC = YES;
				CLANG_ENABLE_OBJC_WEAK = YES;
				CLANG_WARN_BLOCK_CAPTURE_AUTORELEASING = YES;
				CLANG_WARN_BOOL_CONVERSION = YES;
				CLANG_WARN_COMMA = YES;
				CLANG_WARN_CONSTANT_CONVERSION = YES;
				CLANG_WARN_DEPRECATED_OBJC_IMPLEMENTATIONS = YES;
				CLANG_WARN_DIRECT_OBJC_ISA_USAGE = YES_ERROR;
				CLANG_WARN_DOCUMENTATION_COMMENTS = YES;
				CLANG_WARN_EMPTY_BODY = YES;
				CLANG_WARN_ENUM_CONVERSION = YES;
				CLANG_WARN_INFINITE_RECURSION = YES;
				CLANG_WARN_INT_CONVERSION = YES;
				CLANG_WARN_NON_LITERAL_NULL_CONVERSION = YES;
				CLANG_WARN_OBJC_IMPLICIT_RETAIN_SELF = YES;
				CLANG_WARN_OBJC_LITERAL_CONVERSION = YES;
				CLANG_WARN_OBJC_ROOT_CLASS = YES_ERROR;
				CLANG_WARN_QUOTED_INCLUDE_IN_FRAMEWORK_HEADER = YES;
				CLANG_WARN_RANGE_LOOP_ANALYSIS = YES;
				CLANG_WARN_STRICT_PROTOTYPES = YES;
				CLANG_WARN_SUSPICIOUS_MOVE = YES;
				CLANG_WARN_UNGUARDED_AVAILABILITY = YES_AGGRESSIVE;
				CLANG_WARN_UNREACHABLE_CODE = YES;
				CLANG_WARN__DUPLICATE_METHOD_MATCH = YES;
				COPY_PHASE_STRIP = NO;
				DEBUG_INFORMATION_FORMAT = dwarf;
				ENABLE_STRICT_OBJC_MSGSEND = YES;
				ENABLE_TESTABILITY = YES;
				ENABLE_USER_SCRIPT_SANDBOXING = YES;
				GCC_C_LANGUAGE_STANDARD = gnu17;
				GCC_DYNAMIC_NO_PIC = NO;
				GCC_NO_COMMON_BLOCKS = YES;
				GCC_OPTIMIZATION_LEVEL = 0;
				GCC_PREPROCESSOR_DEFINITIONS = (
					"DEBUG=1",
					"$(inherited)",
				);
				GCC_WARN_64_TO_32_BIT_CONVERSION = YES;
				GCC_WARN_ABOUT_RETURN_TYPE = YES_ERROR;
				GCC_WARN_UNDECLARED_SELECTOR = YES;
				GCC_WARN_UNINITIALIZED_AUTOS = YES_AGGRESSIVE;
				GCC_WARN_UNUSED_FUNCTION = YES;
				GCC_WARN_UNUSED_VARIABLE = YES;
				IPHONEOS_DEPLOYMENT_TARGET = 17.6;
				LOCALIZATION_PREFERS_STRING_CATALOGS = YES;
				MTL_ENABLE_DEBUG_INFO = INCLUDE_SOURCE;
				MTL_FAST_MATH = YES;
				ONLY_ACTIVE_ARCH = YES;
				SDKROOT = iphoneos;
				SWIFT_ACTIVE_COMPILATION_CONDITIONS = "DEBUG $(inherited)";
				SWIFT_OPTIMIZATION_LEVEL = "-Onone";
			};
			name = Debug;
		};
		E2B16C942DBE8DEC00722A4C /* Release */ = {
			isa = XCBuildConfiguration;
			buildSettings = {
				ALWAYS_SEARCH_USER_PATHS = NO;
				ASSETCATALOG_COMPILER_GENERATE_SWIFT_ASSET_SYMBOL_EXTENSIONS = YES;
				CLANG_ANALYZER_NONNULL = YES;
				CLANG_ANALYZER_NUMBER_OBJECT_CONVERSION = YES_AGGRESSIVE;
				CLANG_CXX_LANGUAGE_STANDARD = "gnu++20";
				CLANG_ENABLE_MODULES = YES;
				CLANG_ENABLE_OBJC_ARC = YES;
				CLANG_ENABLE_OBJC_WEAK = YES;
				CLANG_WARN_BLOCK_CAPTURE_AUTORELEASING = YES;
				CLANG_WARN_BOOL_CONVERSION = YES;
				CLANG_WARN_COMMA = YES;
				CLANG_WARN_CONSTANT_CONVERSION = YES;
				CLANG_WARN_DEPRECATED_OBJC_IMPLEMENTATIONS = YES;
				CLANG_WARN_DIRECT_OBJC_ISA_USAGE = YES_ERROR;
				CLANG_WARN_DOCUMENTATION_COMMENTS = YES;
				CLANG_WARN_EMPTY_BODY = YES;
				CLANG_WARN_ENUM_CONVERSION = YES;
				CLANG_WARN_INFINITE_RECURSION = YES;
				CLANG_WARN_INT_CONVERSION = YES;
				CLANG_WARN_NON_LITERAL_NULL_CONVERSION = YES;
				CLANG_WARN_OBJC_IMPLICIT_RETAIN_SELF = YES;
				CLANG_WARN_OBJC_LITERAL_CONVERSION = YES;
				CLANG_WARN_OBJC_ROOT_CLASS = YES_ERROR;
				CLANG_WARN_QUOTED_INCLUDE_IN_FRAMEWORK_HEADER = YES;
				CLANG_WARN_RANGE_LOOP_ANALYSIS = YES;
				CLANG_WARN_STRICT_PROTOTYPES = YES;
				CLANG_WARN_SUSPICIOUS_MOVE = YES;
				CLANG_WARN_UNGUARDED_AVAILABILITY = YES_AGGRESSIVE;
				CLANG_WARN_UNREACHABLE_CODE = YES;
				CLANG_WARN__DUPLICATE_METHOD_MATCH = YES;
				COPY_PHASE_STRIP = NO;
				DEBUG_INFORMATION_FORMAT = "dwarf-with-dsym";
				ENABLE_NS_ASSERTIONS = NO;
				ENABLE_STRICT_OBJC_MSGSEND = YES;
				ENABLE_USER_SCRIPT_SANDBOXING = YES;
				GCC_C_LANGUAGE_STANDARD = gnu17;
				GCC_NO_COMMON_BLOCKS = YES;
				GCC_WARN_64_TO_32_BIT_CONVERSION = YES;
				GCC_WARN_ABOUT_RETURN_TYPE = YES_ERROR;
				GCC_WARN_UNDECLARED_SELECTOR = YES;
				GCC_WARN_UNINITIALIZED_AUTOS = YES_AGGRESSIVE;
				GCC_WARN_UNUSED_FUNCTION = YES;
				GCC_WARN_UNUSED_VARIABLE = YES;
				IPHONEOS_DEPLOYMENT_TARGET = 17.6;
				LOCALIZATION_PREFERS_STRING_CATALOGS = YES;
				MTL_ENABLE_DEBUG_INFO = NO;
				MTL_FAST_MATH = YES;
				SDKROOT = iphoneos;
				SWIFT_COMPILATION_MODE = wholemodule;
				VALIDATE_PRODUCT = YES;
			};
			name = Release;
		};
		E2B16C962DBE8DEC00722A4C /* Debug */ = {
			isa = XCBuildConfiguration;
			buildSettings = {
				ASSETCATALOG_COMPILER_APPICON_NAME = AppIcon;
				ASSETCATALOG_COMPILER_GLOBAL_ACCENT_COLOR_NAME = AccentColor;
				CODE_SIGN_STYLE = Automatic;
				CURRENT_PROJECT_VERSION = 1;
				DEVELOPMENT_TEAM = GKSBNXWJ3S;
				ENABLE_PREVIEWS = YES;
				GENERATE_INFOPLIST_FILE = YES;
				INFOPLIST_KEY_UIApplicationSceneManifest_Generation = YES;
				INFOPLIST_KEY_UIApplicationSupportsIndirectInputEvents = YES;
				INFOPLIST_KEY_UILaunchScreen_Generation = YES;
				INFOPLIST_KEY_UISupportedInterfaceOrientations_iPad = "UIInterfaceOrientationPortrait UIInterfaceOrientationPortraitUpsideDown UIInterfaceOrientationLandscapeLeft UIInterfaceOrientationLandscapeRight";
				INFOPLIST_KEY_UISupportedInterfaceOrientations_iPhone = "UIInterfaceOrientationPortrait UIInterfaceOrientationLandscapeLeft UIInterfaceOrientationLandscapeRight";
				IPHONEOS_DEPLOYMENT_TARGET = 17.6;
				LD_RUNPATH_SEARCH_PATHS = (
					"$(inherited)",
					"@executable_path/Frameworks",
				);
				MARKETING_VERSION = 1.0;
				PRODUCT_BUNDLE_IDENTIFIER = fr.anq.PlainFit;
				PRODUCT_NAME = "$(TARGET_NAME)";
				SWIFT_EMIT_LOC_STRINGS = YES;
				SWIFT_VERSION = 5.0;
				TARGETED_DEVICE_FAMILY = "1,2";
			};
			name = Debug;
		};
		E2B16C972DBE8DEC00722A4C /* Release */ = {
			isa = XCBuildConfiguration;
			buildSettings = {
				ASSETCATALOG_COMPILER_APPICON_NAME = AppIcon;
				ASSETCATALOG_COMPILER_GLOBAL_ACCENT_COLOR_NAME = AccentColor;
				CODE_SIGN_STYLE = Automatic;
				CURRENT_PROJECT_VERSION = 1;
				DEVELOPMENT_TEAM = GKSBNXWJ3S;
				ENABLE_PREVIEWS = YES;
				GENERATE_INFOPLIST_FILE = YES;
				INFOPLIST_KEY_UIApplicationSceneManifest_Generation = YES;
				INFOPLIST_KEY_UIApplicationSupportsIndirectInputEvents = YES;
				INFOPLIST_KEY_UILaunchScreen_Generation = YES;
				INFOPLIST_KEY_UISupportedInterfaceOrientations_iPad = "UIInterfaceOrientationPortrait UIInterfaceOrientationPortraitUpsideDown UIInterfaceOrientationLandscapeLeft UIInterfaceOrientationLandscapeRight";
				INFOPLIST_KEY_UISupportedInterfaceOrientations_iPhone = "UIInterfaceOrientationPortrait UIInterfaceOrientationLandscapeLeft UIInterfaceOrientationLandscapeRight";
				IPHONEOS_DEPLOYMENT_TARGET = 17.6;
				LD_RUNPATH_SEARCH_PATHS = (
					"$(inherited)",
					"@executable_path/Frameworks",
				);
				MARKETING_VERSION = 1.0;
				PRODUCT_BUNDLE_IDENTIFIER = fr.anq.PlainFit;
				PRODUCT_NAME = "$(TARGET_NAME)";
				SWIFT_EMIT_LOC_STRINGS = YES;
				SWIFT_VERSION = 5.0;
				TARGETED_DEVICE_FAMILY = "1,2";
			};
			name = Release;
		};
		E2B16C992DBE8DEC00722A4C /* Debug */ = {
			isa = XCBuildConfiguration;
			buildSettings = {
				BUNDLE_LOADER = "$(TEST_HOST)";
				CODE_SIGN_STYLE = Automatic;
				CURRENT_PROJECT_VERSION = 1;
				GENERATE_INFOPLIST_FILE = YES;
				IPHONEOS_DEPLOYMENT_TARGET = 18.4;
				MARKETING_VERSION = 1.0;
				PRODUCT_BUNDLE_IDENTIFIER = fr.anq.PlainFitTests;
				PRODUCT_NAME = "$(TARGET_NAME)";
				SWIFT_EMIT_LOC_STRINGS = NO;
				SWIFT_VERSION = 5.0;
				TARGETED_DEVICE_FAMILY = "1,2";
				TEST_HOST = "$(BUILT_PRODUCTS_DIR)/PlainFit.app/$(BUNDLE_EXECUTABLE_FOLDER_PATH)/PlainFit";
			};
			name = Debug;
		};
		E2B16C9A2DBE8DEC00722A4C /* Release */ = {
			isa = XCBuildConfiguration;
			buildSettings = {
				BUNDLE_LOADER = "$(TEST_HOST)";
				CODE_SIGN_STYLE = Automatic;
				CURRENT_PROJECT_VERSION = 1;
				GENERATE_INFOPLIST_FILE = YES;
				IPHONEOS_DEPLOYMENT_TARGET = 18.4;
				MARKETING_VERSION = 1.0;
				PRODUCT_BUNDLE_IDENTIFIER = fr.anq.PlainFitTests;
				PRODUCT_NAME = "$(TARGET_NAME)";
				SWIFT_EMIT_LOC_STRINGS = NO;
				SWIFT_VERSION = 5.0;
				TARGETED_DEVICE_FAMILY = "1,2";
				TEST_HOST = "$(BUILT_PRODUCTS_DIR)/PlainFit.app/$(BUNDLE_EXECUTABLE_FOLDER_PATH)/PlainFit";
			};
			name = Release;
		};
		E2B16C9C2DBE8DEC00722A4C /* Debug */ = {
			isa = XCBuildConfiguration;
			buildSettings = {
				CODE_SIGN_STYLE = Automatic;
				CURRENT_PROJECT_VERSION = 1;
				GENERATE_INFOPLIST_FILE = YES;
				MARKETING_VERSION = 1.0;
				PRODUCT_BUNDLE_IDENTIFIER = fr.anq.PlainFitUITests;
				PRODUCT_NAME = "$(TARGET_NAME)";
				SWIFT_EMIT_LOC_STRINGS = NO;
				SWIFT_VERSION = 5.0;
				TARGETED_DEVICE_FAMILY = "1,2";
				TEST_TARGET_NAME = PlainFit;
			};
			name = Debug;
		};
		E2B16C9D2DBE8DEC00722A4C /* Release */ = {
			isa = XCBuildConfiguration;
			buildSettings = {
				CODE_SIGN_STYLE = Automatic;
				CURRENT_PROJECT_VERSION = 1;
				GENERATE_INFOPLIST_FILE = YES;
				MARKETING_VERSION = 1.0;
				PRODUCT_BUNDLE_IDENTIFIER = fr.anq.PlainFitUITests;
				PRODUCT_NAME = "$(TARGET_NAME)";
				SWIFT_EMIT_LOC_STRINGS = NO;
				SWIFT_VERSION = 5.0;
				TARGETED_DEVICE_FAMILY = "1,2";
				TEST_TARGET_NAME = PlainFit;
			};
			name = Release;
		};
/* End XCBuildConfiguration section */

/* Begin XCConfigurationList section */
		E2B16C6F2DBE8DEA00722A4C /* Build configuration list for PBXProject "PlainFit" */ = {
			isa = XCConfigurationList;
			buildConfigurations = (
				E2B16C932DBE8DEC00722A4C /* Debug */,
				E2B16C942DBE8DEC00722A4C /* Release */,
			);
			defaultConfigurationIsVisible = 0;
			defaultConfigurationName = Release;
		};
		E2B16C952DBE8DEC00722A4C /* Build configuration list for PBXNativeTarget "PlainFit" */ = {
			isa = XCConfigurationList;
			buildConfigurations = (
				E2B16C962DBE8DEC00722A4C /* Debug */,
				E2B16C972DBE8DEC00722A4C /* Release */,
			);
			defaultConfigurationIsVisible = 0;
			defaultConfigurationName = Release;
		};
		E2B16C982DBE8DEC00722A4C /* Build configuration list for PBXNativeTarget "PlainFitTests" */ = {
			isa = XCConfigurationList;
			buildConfigurations = (
				E2B16C992DBE8DEC00722A4C /* Debug */,
				E2B16C9A2DBE8DEC00722A4C /* Release */,
			);
			defaultConfigurationIsVisible = 0;
			defaultConfigurationName = Release;
		};
		E2B16C9B2DBE8DEC00722A4C /* Build configuration list for PBXNativeTarget "PlainFitUITests" */ = {
			isa = XCConfigurationList;
			buildConfigurations = (
				E2B16C9C2DBE8DEC00722A4C /* Debug */,
				E2B16C9D2DBE8DEC00722A4C /* Release */,
			);
			defaultConfigurationIsVisible = 0;
			defaultConfigurationName = Release;
		};
/* End XCConfigurationList section */

/* Begin XCRemoteSwiftPackageReference section */
		E2A221662DC75EF700F59021 /* XCRemoteSwiftPackageReference "GRDB.swift" */ = {
			isa = XCRemoteSwiftPackageReference;
			repositoryURL = "https://github.com/groue/GRDB.swift.git";
			requirement = {
				branch = master;
				kind = branch;
			};
		};
/* End XCRemoteSwiftPackageReference section */

/* Begin XCSwiftPackageProductDependency section */
		E2A221672DC75EF700F59021 /* GRDB */ = {
			isa = XCSwiftPackageProductDependency;
			package = E2A221662DC75EF700F59021 /* XCRemoteSwiftPackageReference "GRDB.swift" */;
			productName = GRDB;
		};
/* End XCSwiftPackageProductDependency section */
	};
	rootObject = E2B16C6C2DBE8DEA00722A4C /* Project object */;
}
